
Microsoft Visual Studio Solution File, Format Version 12.00
# Visual Studio Version 17
VisualStudioVersion = 17.14.36603.0 d17.14
MinimumVisualStudioVersion = 10.0.40219.1
Project("{FAE04EC0-301F-11D3-BF4B-00C04F79EFBC}") = "BusquedaTexto", "BusquedaTexto\BusquedaTexto.csproj", "{61B99D80-3F3B-425B-9C91-053226BD7B13}"
EndProject
Global
	GlobalSection(SolutionConfigurationPlatforms) = preSolution
		Debug|Any CPU = Debug|Any CPU
		Release|Any CPU = Release|Any CPU
	EndGlobalSection
	GlobalSection(ProjectConfigurationPlatforms) = postSolution
		{61B99D80-3F3B-425B-9C91-053226BD7B13}.Debug|Any CPU.ActiveCfg = Debug|Any CPU
		{61B99D80-3F3B-425B-9C91-053226BD7B13}.Debug|Any CPU.Build.0 = Debug|Any CPU
		{61B99D80-3F3B-425B-9C91-053226BD7B13}.Release|Any CPU.ActiveCfg = Release|Any CPU
		{61B99D80-3F3B-425B-9C91-053226BD7B13}.Release|Any CPU.Build.0 = Release|Any CPU
	EndGlobalSection
	GlobalSection(SolutionProperties) = preSolution
		HideSolutionNode = FALSE
	EndGlobalSection
	GlobalSection(ExtensibilityGlobals) = postSolution
		SolutionGuid = {48627783-00C0-43C4-9008-F31E404501DF}
	EndGlobalSection
EndGlobal
